// !$*UTF8*$!
{
	archiveVersion = 1;
	classes = {
	};
	objectVersion = 50;
	objects = {

/* Begin PBXBuildFile section */
		E8F064132406F641001B35AE /* AppDelegate.swift in Sources */ = {isa = PBXBuildFile; fileRef = E8F064122406F641001B35AE /* AppDelegate.swift */; };
		E8F064152406F641001B35AE /* SceneDelegate.swift in Sources */ = {isa = PBXBuildFile; fileRef = E8F064142406F641001B35AE /* SceneDelegate.swift */; };
		E8F064172406F641001B35AE /* ViewController.swift in Sources */ = {isa = PBXBuildFile; fileRef = E8F064162406F641001B35AE /* ViewController.swift */; };
		E8F0641A2406F641001B35AE /* Main.storyboard in Resources */ = {isa = PBXBuildFile; fileRef = E8F064182406F641001B35AE /* Main.storyboard */; };
		E8F0641C2406F645001B35AE /* Assets.xcassets in Resources */ = {isa = PBXBuildFile; fileRef = E8F0641B2406F645001B35AE /* Assets.xcassets */; };
		E8F0641F2406F645001B35AE /* LaunchScreen.storyboard in Resources */ = {isa = PBXBuildFile; fileRef = E8F0641D2406F645001B35AE /* LaunchScreen.storyboard */; };
		E8F064272406F8B5001B35AE /* logo.png in Resources */ = {isa = PBXBuildFile; fileRef = E8F064262406F8B5001B35AE /* logo.png */; };
		E8F06431240706CD001B35AE /* PersonalizedQuoteViewController.swift in Sources */ = {isa = PBXBuildFile; fileRef = E8F06430240706CD001B35AE /* PersonalizedQuoteViewController.swift */; };
		E8F0643324071710001B35AE /* QuoteModel.swift in Sources */ = {isa = PBXBuildFile; fileRef = E8F0643224071710001B35AE /* QuoteModel.swift */; };
		E8F0643524073429001B35AE /* QuotesModel.swift in Sources */ = {isa = PBXBuildFile; fileRef = E8F0643424073429001B35AE /* QuotesModel.swift */; };
		E8F064382407396C001B35AE /* TableViewController.swift in Sources */ = {isa = PBXBuildFile; fileRef = E8F064372407396C001B35AE /* TableViewController.swift */; };
		E8F0643A24074037001B35AE /* DetailViewController.swift in Sources */ = {isa = PBXBuildFile; fileRef = E8F0643924074037001B35AE /* DetailViewController.swift */; };
/* End PBXBuildFile section */

/* Begin PBXFileReference section */
		E8F0640F2406F641001B35AE /* TrumpiDo.app */ = {isa = PBXFileReference; explicitFileType = wrapper.application; includeInIndex = 0; path = TrumpiDo.app; sourceTree = BUILT_PRODUCTS_DIR; };
		E8F064122406F641001B35AE /* AppDelegate.swift */ = {isa = PBXFileReference; lastKnownFileType = sourcecode.swift; path = AppDelegate.swift; sourceTree = "<group>"; };
		E8F064142406F641001B35AE /* SceneDelegate.swift */ = {isa = PBXFileReference; lastKnownFileType = sourcecode.swift; path = SceneDelegate.swift; sourceTree = "<group>"; };
		E8F064162406F641001B35AE /* ViewController.swift */ = {isa = PBXFileReference; lastKnownFileType = sourcecode.swift; path = ViewController.swift; sourceTree = "<group>"; };
		E8F064192406F641001B35AE /* Base */ = {isa = PBXFileReference; lastKnownFileType = file.storyboard; name = Base; path = Base.lproj/Main.storyboard; sourceTree = "<group>"; };
		E8F0641B2406F645001B35AE /* Assets.xcassets */ = {isa = PBXFileReference; lastKnownFileType = folder.assetcatalog; path = Assets.xcassets; sourceTree = "<group>"; };
		E8F0641E2406F645001B35AE /* Base */ = {isa = PBXFileReference; lastKnownFileType = file.storyboard; name = Base; path = Base.lproj/LaunchScreen.storyboard; sourceTree = "<group>"; };
		E8F064202406F645001B35AE /* Info.plist */ = {isa = PBXFileReference; lastKnownFileType = text.plist.xml; path = Info.plist; sourceTree = "<group>"; };
		E8F064262406F8B5001B35AE /* logo.png */ = {isa = PBXFileReference; lastKnownFileType = image.png; path = logo.png; sourceTree = "<group>"; };
		E8F06430240706CD001B35AE /* PersonalizedQuoteViewController.swift */ = {isa = PBXFileReference; lastKnownFileType = sourcecode.swift; name = PersonalizedQuoteViewController.swift; path = ../../PersonalizedQuoteViewController.swift; sourceTree = "<group>"; };
		E8F0643224071710001B35AE /* QuoteModel.swift */ = {isa = PBXFileReference; lastKnownFileType = sourcecode.swift; path = QuoteModel.swift; sourceTree = "<group>"; };
		E8F0643424073429001B35AE /* QuotesModel.swift */ = {isa = PBXFileReference; lastKnownFileType = sourcecode.swift; path = QuotesModel.swift; sourceTree = "<group>"; };
		E8F064372407396C001B35AE /* TableViewController.swift */ = {isa = PBXFileReference; lastKnownFileType = sourcecode.swift; path = TableViewController.swift; sourceTree = "<group>"; };
		E8F0643924074037001B35AE /* DetailViewController.swift */ = {isa = PBXFileReference; lastKnownFileType = sourcecode.swift; path = DetailViewController.swift; sourceTree = "<group>"; };
/* End PBXFileReference section */

/* Begin PBXFrameworksBuildPhase section */
		E8F0640C2406F641001B35AE /* Frameworks */ = {
			isa = PBXFrameworksBuildPhase;
			buildActionMask = 2147483647;
			files = (
			);
			runOnlyForDeploymentPostprocessing = 0;
		};
/* End PBXFrameworksBuildPhase section */

/* Begin PBXGroup section */
		E8F064062406F641001B35AE = {
			isa = PBXGroup;
			children = (
				E8F064112406F641001B35AE /* TrumpiDo */,
				E8F064102406F641001B35AE /* Products */,
			);
			sourceTree = "<group>";
		};
		E8F064102406F641001B35AE /* Products */ = {
			isa = PBXGroup;
			children = (
				E8F0640F2406F641001B35AE /* TrumpiDo.app */,
			);
			name = Products;
			sourceTree = "<group>";
		};
		E8F064112406F641001B35AE /* TrumpiDo */ = {
			isa = PBXGroup;
			children = (
				E8F064362407389A001B35AE /* Delegates */,
				E8F0642C24070223001B35AE /* Assets */,
				E8F0642B24070204001B35AE /* Storyboards */,
				E8F0642A240701F9001B35AE /* Models */,
				E8F06428240701AC001B35AE /* Controllers */,
				E8F0641B2406F645001B35AE /* Assets.xcassets */,
				E8F064202406F645001B35AE /* Info.plist */,
			);
			path = TrumpiDo;
			sourceTree = "<group>";
		};
		E8F06428240701AC001B35AE /* Controllers */ = {
			isa = PBXGroup;
			children = (
				E8F06430240706CD001B35AE /* PersonalizedQuoteViewController.swift */,
				E8F064162406F641001B35AE /* ViewController.swift */,
				E8F064372407396C001B35AE /* TableViewController.swift */,
				E8F0643924074037001B35AE /* DetailViewController.swift */,
			);
			path = Controllers;
			sourceTree = "<group>";
		};
		E8F0642A240701F9001B35AE /* Models */ = {
			isa = PBXGroup;
			children = (
				E8F0643224071710001B35AE /* QuoteModel.swift */,
				E8F0643424073429001B35AE /* QuotesModel.swift */,
			);
			path = Models;
			sourceTree = "<group>";
		};
		E8F0642B24070204001B35AE /* Storyboards */ = {
			isa = PBXGroup;
			children = (
				E8F0641D2406F645001B35AE /* LaunchScreen.storyboard */,
				E8F064182406F641001B35AE /* Main.storyboard */,
			);
			path = Storyboards;
			sourceTree = "<group>";
		};
		E8F0642C24070223001B35AE /* Assets */ = {
			isa = PBXGroup;
			children = (
				E8F0642D24070231001B35AE /* Images */,
			);
			path = Assets;
			sourceTree = "<group>";
		};
		E8F0642D24070231001B35AE /* Images */ = {
			isa = PBXGroup;
			children = (
				E8F064262406F8B5001B35AE /* logo.png */,
			);
			path = Images;
			sourceTree = "<group>";
		};
		E8F064362407389A001B35AE /* Delegates */ = {
			isa = PBXGroup;
			children = (
				E8F064122406F641001B35AE /* AppDelegate.swift */,
				E8F064142406F641001B35AE /* SceneDelegate.swift */,
			);
			path = Delegates;
			sourceTree = "<group>";
		};
/* End PBXGroup section */

/* Begin PBXNativeTarget section */
		E8F0640E2406F641001B35AE /* TrumpiDo */ = {
			isa = PBXNativeTarget;
			buildConfigurationList = E8F064232406F645001B35AE /* Build configuration list for PBXNativeTarget "TrumpiDo" */;
			buildPhases = (
				E8F0640B2406F641001B35AE /* Sources */,
				E8F0640C2406F641001B35AE /* Frameworks */,
				E8F0640D2406F641001B35AE /* Resources */,
			);
			buildRules = (
			);
			dependencies = (
			);
			name = TrumpiDo;
			productName = TrumpiDo;
			productReference = E8F0640F2406F641001B35AE /* TrumpiDo.app */;
			productType = "com.apple.product-type.application";
		};
/* End PBXNativeTarget section */

/* Begin PBXProject section */
		E8F064072406F641001B35AE /* Project object */ = {
			isa = PBXProject;
			attributes = {
				LastSwiftUpdateCheck = 1130;
				LastUpgradeCheck = 1130;
				ORGANIZATIONNAME = Gebruiker;
				TargetAttributes = {
					E8F0640E2406F641001B35AE = {
						CreatedOnToolsVersion = 11.3.1;
					};
				};
			};
			buildConfigurationList = E8F0640A2406F641001B35AE /* Build configuration list for PBXProject "TrumpiDo" */;
			compatibilityVersion = "Xcode 9.3";
			developmentRegion = en;
			hasScannedForEncodings = 0;
			knownRegions = (
				en,
				Base,
			);
			mainGroup = E8F064062406F641001B35AE;
			productRefGroup = E8F064102406F641001B35AE /* Products */;
			projectDirPath = "";
			projectRoot = "";
			targets = (
				E8F0640E2406F641001B35AE /* TrumpiDo */,
			);
		};
/* End PBXProject section */

/* Begin PBXResourcesBuildPhase section */
		E8F0640D2406F641001B35AE /* Resources */ = {
			isa = PBXResourcesBuildPhase;
			buildActionMask = 2147483647;
			files = (
				E8F064272406F8B5001B35AE /* logo.png in Resources */,
				E8F0641F2406F645001B35AE /* LaunchScreen.storyboard in Resources */,
				E8F0641C2406F645001B35AE /* Assets.xcassets in Resources */,
				E8F0641A2406F641001B35AE /* Main.storyboard in Resources */,
			);
			runOnlyForDeploymentPostprocessing = 0;
		};
/* End PBXResourcesBuildPhase section */

/* Begin PBXSourcesBuildPhase section */
		E8F0640B2406F641001B35AE /* Sources */ = {
			isa = PBXSourcesBuildPhase;
			buildActionMask = 2147483647;
			files = (
				E8F0643324071710001B35AE /* QuoteModel.swift in Sources */,
				E8F064382407396C001B35AE /* TableViewController.swift in Sources */,
				E8F064172406F641001B35AE /* ViewController.swift in Sources */,
				E8F0643524073429001B35AE /* QuotesModel.swift in Sources */,
				E8F06431240706CD001B35AE /* PersonalizedQuoteViewController.swift in Sources */,
				E8F064132406F641001B35AE /* AppDelegate.swift in Sources */,
				E8F064152406F641001B35AE /* SceneDelegate.swift in Sources */,
				E8F0643A24074037001B35AE /* DetailViewController.swift in Sources */,
			);
			runOnlyForDeploymentPostprocessing = 0;
		};
/* End PBXSourcesBuildPhase section */

/* Begin PBXVariantGroup section */
		E8F064182406F641001B35AE /* Main.storyboard */ = {
			isa = PBXVariantGroup;
			children = (
				E8F064192406F641001B35AE /* Base */,
			);
			name = Main.storyboard;
			sourceTree = "<group>";
		};
		E8F0641D2406F645001B35AE /* LaunchScreen.storyboard */ = {
			isa = PBXVariantGroup;
			children = (
				E8F0641E2406F645001B35AE /* Base */,
			);
			name = LaunchScreen.storyboard;
			sourceTree = "<group>";
		};
/* End PBXVariantGroup section */

/* Begin XCBuildConfiguration section */
		E8F064212406F645001B35AE /* Debug */ = {
			isa = XCBuildConfiguration;
			buildSettings = {
				ALWAYS_SEARCH_USER_PATHS = NO;
				CLANG_ANALYZER_NONNULL = YES;
				CLANG_ANALYZER_NUMBER_OBJECT_CONVERSION = YES_AGGRESSIVE;
				CLANG_CXX_LANGUAGE_STANDARD = "gnu++14";
				CLANG_CXX_LIBRARY = "libc++";
				CLANG_ENABLE_MODULES = YES;
				CLANG_ENABLE_OBJC_ARC = YES;
				CLANG_ENABLE_OBJC_WEAK = YES;
				CLANG_WARN_BLOCK_CAPTURE_AUTORELEASING = YES;
				CLANG_WARN_BOOL_CONVERSION = YES;
				CLANG_WARN_COMMA = YES;
				CLANG_WARN_CONSTANT_CONVERSION = YES;
				CLANG_WARN_DEPRECATED_OBJC_IMPLEMENTATIONS = YES;
				CLANG_WARN_DIRECT_OBJC_ISA_USAGE = YES_ERROR;
				CLANG_WARN_DOCUMENTATION_COMMENTS = YES;
				CLANG_WARN_EMPTY_BODY = YES;
				CLANG_WARN_ENUM_CONVERSION = YES;
				CLANG_WARN_INFINITE_RECURSION = YES;
				CLANG_WARN_INT_CONVERSION = YES;
				CLANG_WARN_NON_LITERAL_NULL_CONVERSION = YES;
				CLANG_WARN_OBJC_IMPLICIT_RETAIN_SELF = YES;
				CLANG_WARN_OBJC_LITERAL_CONVERSION = YES;
				CLANG_WARN_OBJC_ROOT_CLASS = YES_ERROR;
				CLANG_WARN_RANGE_LOOP_ANALYSIS = YES;
				CLANG_WARN_STRICT_PROTOTYPES = YES;
				CLANG_WARN_SUSPICIOUS_MOVE = YES;
				CLANG_WARN_UNGUARDED_AVAILABILITY = YES_AGGRESSIVE;
				CLANG_WARN_UNREACHABLE_CODE = YES;
				CLANG_WARN__DUPLICATE_METHOD_MATCH = YES;
				COPY_PHASE_STRIP = NO;
				DEBUG_INFORMATION_FORMAT = dwarf;
				ENABLE_STRICT_OBJC_MSGSEND = YES;
				ENABLE_TESTABILITY = YES;
				GCC_C_LANGUAGE_STANDARD = gnu11;
				GCC_DYNAMIC_NO_PIC = NO;
				GCC_NO_COMMON_BLOCKS = YES;
				GCC_OPTIMIZATION_LEVEL = 0;
				GCC_PREPROCESSOR_DEFINITIONS = (
					"DEBUG=1",
					"$(inherited)",
				);
				GCC_WARN_64_TO_32_BIT_CONVERSION = YES;
				GCC_WARN_ABOUT_RETURN_TYPE = YES_ERROR;
				GCC_WARN_UNDECLARED_SELECTOR = YES;
				GCC_WARN_UNINITIALIZED_AUTOS = YES_AGGRESSIVE;
				GCC_WARN_UNUSED_FUNCTION = YES;
				GCC_WARN_UNUSED_VARIABLE = YES;
				IPHONEOS_DEPLOYMENT_TARGET = 13.2;
				MTL_ENABLE_DEBUG_INFO = INCLUDE_SOURCE;
				MTL_FAST_MATH = YES;
				ONLY_ACTIVE_ARCH = YES;
				SDKROOT = iphoneos;
				SWIFT_ACTIVE_COMPILATION_CONDITIONS = DEBUG;
				SWIFT_OPTIMIZATION_LEVEL = "-Onone";
			};
			name = Debug;
		};
		E8F064222406F645001B35AE /* Release */ = {
			isa = XCBuildConfiguration;
			buildSettings = {
				ALWAYS_SEARCH_USER_PATHS = NO;
				CLANG_ANALYZER_NONNULL = YES;
				CLANG_ANALYZER_NUMBER_OBJECT_CONVERSION = YES_AGGRESSIVE;
				CLANG_CXX_LANGUAGE_STANDARD = "gnu++14";
				CLANG_CXX_LIBRARY = "libc++";
				CLANG_ENABLE_MODULES = YES;
				CLANG_ENABLE_OBJC_ARC = YES;
				CLANG_ENABLE_OBJC_WEAK = YES;
				CLANG_WARN_BLOCK_CAPTURE_AUTORELEASING = YES;
				CLANG_WARN_BOOL_CONVERSION = YES;
				CLANG_WARN_COMMA = YES;
				CLANG_WARN_CONSTANT_CONVERSION = YES;
				CLANG_WARN_DEPRECATED_OBJC_IMPLEMENTATIONS = YES;
				CLANG_WARN_DIRECT_OBJC_ISA_USAGE = YES_ERROR;
				CLANG_WARN_DOCUMENTATION_COMMENTS = YES;
				CLANG_WARN_EMPTY_BODY = YES;
				CLANG_WARN_ENUM_CONVERSION = YES;
				CLANG_WARN_INFINITE_RECURSION = YES;
				CLANG_WARN_INT_CONVERSION = YES;
				CLANG_WARN_NON_LITERAL_NULL_CONVERSION = YES;
				CLANG_WARN_OBJC_IMPLICIT_RETAIN_SELF = YES;
				CLANG_WARN_OBJC_LITERAL_CONVERSION = YES;
				CLANG_WARN_OBJC_ROOT_CLASS = YES_ERROR;
				CLANG_WARN_RANGE_LOOP_ANALYSIS = YES;
				CLANG_WARN_STRICT_PROTOTYPES = YES;
				CLANG_WARN_SUSPICIOUS_MOVE = YES;
				CLANG_WARN_UNGUARDED_AVAILABILITY = YES_AGGRESSIVE;
				CLANG_WARN_UNREACHABLE_CODE = YES;
				CLANG_WARN__DUPLICATE_METHOD_MATCH = YES;
				COPY_PHASE_STRIP = NO;
				DEBUG_INFORMATION_FORMAT = "dwarf-with-dsym";
				ENABLE_NS_ASSERTIONS = NO;
				ENABLE_STRICT_OBJC_MSGSEND = YES;
				GCC_C_LANGUAGE_STANDARD = gnu11;
				GCC_NO_COMMON_BLOCKS = YES;
				GCC_WARN_64_TO_32_BIT_CONVERSION = YES;
				GCC_WARN_ABOUT_RETURN_TYPE = YES_ERROR;
				GCC_WARN_UNDECLARED_SELECTOR = YES;
				GCC_WARN_UNINITIALIZED_AUTOS = YES_AGGRESSIVE;
				GCC_WARN_UNUSED_FUNCTION = YES;
				GCC_WARN_UNUSED_VARIABLE = YES;
				IPHONEOS_DEPLOYMENT_TARGET = 13.2;
				MTL_ENABLE_DEBUG_INFO = NO;
				MTL_FAST_MATH = YES;
				SDKROOT = iphoneos;
				SWIFT_COMPILATION_MODE = wholemodule;
				SWIFT_OPTIMIZATION_LEVEL = "-O";
				VALIDATE_PRODUCT = YES;
			};
			name = Release;
		};
		E8F064242406F645001B35AE /* Debug */ = {
			isa = XCBuildConfiguration;
			buildSettings = {
				ASSETCATALOG_COMPILER_APPICON_NAME = AppIcon;
				CODE_SIGN_STYLE = Automatic;
				DEVELOPMENT_TEAM = C6FKFT6RQZ;
				INFOPLIST_FILE = TrumpiDo/Info.plist;
				LD_RUNPATH_SEARCH_PATHS = (
					"$(inherited)",
					"@executable_path/Frameworks",
				);
				PRODUCT_BUNDLE_IDENTIFIER = dabdab.TrumpiDo;
				PRODUCT_NAME = "$(TARGET_NAME)";
				SWIFT_VERSION = 5.0;
				TARGETED_DEVICE_FAMILY = "1,2";
			};
			name = Debug;
		};
		E8F064252406F645001B35AE /* Release */ = {
			isa = XCBuildConfiguration;
			buildSettings = {
				ASSETCATALOG_COMPILER_APPICON_NAME = AppIcon;
				CODE_SIGN_STYLE = Automatic;
				DEVELOPMENT_TEAM = C6FKFT6RQZ;
				INFOPLIST_FILE = TrumpiDo/Info.plist;
				LD_RUNPATH_SEARCH_PATHS = (
					"$(inherited)",
					"@executable_path/Frameworks",
				);
				PRODUCT_BUNDLE_IDENTIFIER = dabdab.TrumpiDo;
				PRODUCT_NAME = "$(TARGET_NAME)";
				SWIFT_VERSION = 5.0;
				TARGETED_DEVICE_FAMILY = "1,2";
			};
			name = Release;
		};
/* End XCBuildConfiguration section */

/* Begin XCConfigurationList section */
		E8F0640A2406F641001B35AE /* Build configuration list for PBXProject "TrumpiDo" */ = {
			isa = XCConfigurationList;
			buildConfigurations = (
				E8F064212406F645001B35AE /* Debug */,
				E8F064222406F645001B35AE /* Release */,
			);
			defaultConfigurationIsVisible = 0;
			defaultConfigurationName = Release;
		};
		E8F064232406F645001B35AE /* Build configuration list for PBXNativeTarget "TrumpiDo" */ = {
			isa = XCConfigurationList;
			buildConfigurations = (
				E8F064242406F645001B35AE /* Debug */,
				E8F064252406F645001B35AE /* Release */,
			);
			defaultConfigurationIsVisible = 0;
			defaultConfigurationName = Release;
		};
/* End XCConfigurationList section */
	};
	rootObject = E8F064072406F641001B35AE /* Project object */;
}
